{
  "version": 4,
  "terraform_version": "0.14.8",
  "serial": 15,
  "lineage": "8aab31e9-8ae7-29e4-9c5b-d07a968dcd43",
  "outputs": {},
  "resources": [
    {
      "mode": "data",
      "type": "template_cloudinit_config",
      "name": "config",
      "provider": "provider[\"registry.terraform.io/hashicorp/template\"]",
      "instances": [
        {
          "schema_version": 0,
          "attributes": {
            "base64_encode": true,
            "gzip": true,
            "id": "4193706277",
            "part": [
              {
                "content": "packages: ['apache2']",
                "content_type": "text/cloud-config",
                "filename": "",
                "merge_type": ""
              }
            ],
            "rendered": "H4sIAAAAAAAA/2TNP4vCMBjH8T2Q9xC6dHqud7cc5HDwTweHKogKIg5p8rQG2ychTaF996KDFB1/8OX3WTqKSBH2o0cp2r6J1qsQs9YOaP5F6XoyKoyzpFgX+WJ72Kzmu1PCHguOGDrrSIqfr2/OOAOYRpy9voOirsIAOWlnLNVS/JU2ToInHnGImW5cb0A7qmzNWWFb/GC80jdVYyfFOVVe6Sv+ppd3HYCzewAAAP//8TXeA9wAAAA="
          },
          "sensitive_attributes": []
        }
      ]
    },
    {
      "mode": "managed",
      "type": "azurerm_lb",
      "name": "demo",
      "provider": "provider[\"registry.terraform.io/hashicorp/azurerm\"]",
      "instances": [
        {
          "schema_version": 0,
          "attributes": {
            "frontend_ip_configuration": [
              {
                "id": "/subscriptions/16b972e3-d8a9-417c-8f0f-4614cb485ad3/resourceGroups/resource-group-demo/providers/Microsoft.Network/loadBalancers/demo-loadbalancer/frontendIPConfigurations/PublicIpAddress",
                "inbound_nat_rules": [],
                "load_balancer_rules": [],
                "name": "PublicIpAddress",
                "outbound_rules": [],
                "private_ip_address": "",
                "private_ip_address_allocation": "Dynamic",
                "private_ip_address_version": "IPv4",
                "public_ip_address_id": "/subscriptions/16b972e3-d8a9-417c-8f0f-4614cb485ad3/resourceGroups/resource-group-demo/providers/Microsoft.Network/publicIPAddresses/demo-public-ip",
                "public_ip_prefix_id": "",
                "subnet_id": "",
                "zones": []
              }
            ],
            "id": "/subscriptions/16b972e3-d8a9-417c-8f0f-4614cb485ad3/resourceGroups/resource-group-demo/providers/Microsoft.Network/loadBalancers/demo-loadbalancer",
            "location": "westus",
            "name": "demo-loadbalancer",
            "private_ip_address": "",
            "private_ip_addresses": [],
            "resource_group_name": "resource-group-demo",
            "sku": "Basic",
            "tags": {},
            "timeouts": null
          },
          "sensitive_attributes": [],
          "private": "eyJlMmJmYjczMC1lY2FhLTExZTYtOGY4OC0zNDM2M2JjN2M0YzAiOnsiY3JlYXRlIjoxODAwMDAwMDAwMDAwLCJkZWxldGUiOjE4MDAwMDAwMDAwMDAsInJlYWQiOjMwMDAwMDAwMDAwMCwidXBkYXRlIjoxODAwMDAwMDAwMDAwfX0=",
          "dependencies": [
            "azurerm_public_ip.demo",
            "azurerm_resource_group.demo"
          ]
        }
      ]
    },
    {
      "mode": "managed",
      "type": "azurerm_lb_backend_address_pool",
      "name": "bpepool",
      "provider": "provider[\"registry.terraform.io/hashicorp/azurerm\"]",
      "instances": [
        {
          "schema_version": 0,
          "attributes": {
            "backend_address": [],
            "backend_ip_configurations": [],
            "id": "/subscriptions/16b972e3-d8a9-417c-8f0f-4614cb485ad3/resourceGroups/resource-group-demo/providers/Microsoft.Network/loadBalancers/demo-loadbalancer/backendAddressPools/BackEndAddressPool",
            "load_balancing_rules": [],
            "loadbalancer_id": "/subscriptions/16b972e3-d8a9-417c-8f0f-4614cb485ad3/resourceGroups/resource-group-demo/providers/Microsoft.Network/loadBalancers/demo-loadbalancer",
            "name": "BackEndAddressPool",
            "outbound_rules": [],
            "resource_group_name": "resource-group-demo",
            "timeouts": null
          },
          "sensitive_attributes": [],
          "private": "eyJlMmJmYjczMC1lY2FhLTExZTYtOGY4OC0zNDM2M2JjN2M0YzAiOnsiY3JlYXRlIjoxODAwMDAwMDAwMDAwLCJkZWxldGUiOjE4MDAwMDAwMDAwMDAsInJlYWQiOjMwMDAwMDAwMDAwMCwidXBkYXRlIjoxODAwMDAwMDAwMDAwfX0=",
          "dependencies": [
            "azurerm_lb.demo",
            "azurerm_public_ip.demo",
            "azurerm_resource_group.demo"
          ]
        }
      ]
    },
    {
      "mode": "managed",
      "type": "azurerm_lb_nat_pool",
      "name": "lbnatrool",
      "provider": "provider[\"registry.terraform.io/hashicorp/azurerm\"]",
      "instances": [
        {
          "schema_version": 0,
          "attributes": {
            "backend_port": 22,
            "frontend_ip_configuration_id": "/subscriptions/16b972e3-d8a9-417c-8f0f-4614cb485ad3/resourceGroups/resource-group-demo/providers/Microsoft.Network/loadBalancers/demo-loadbalancer/frontendIPConfigurations/PublicIpAddress",
            "frontend_ip_configuration_name": "PublicIpAddress",
            "frontend_port_end": 50119,
            "frontend_port_start": 50000,
            "id": "/subscriptions/16b972e3-d8a9-417c-8f0f-4614cb485ad3/resourceGroups/resource-group-demo/providers/Microsoft.Network/loadBalancers/demo-loadbalancer/inboundNatPools/ssh",
            "loadbalancer_id": "/subscriptions/16b972e3-d8a9-417c-8f0f-4614cb485ad3/resourceGroups/resource-group-demo/providers/Microsoft.Network/loadBalancers/demo-loadbalancer",
            "name": "ssh",
            "protocol": "Tcp",
            "resource_group_name": "resource-group-demo",
            "timeouts": null
          },
          "sensitive_attributes": [],
          "private": "eyJlMmJmYjczMC1lY2FhLTExZTYtOGY4OC0zNDM2M2JjN2M0YzAiOnsiY3JlYXRlIjoxODAwMDAwMDAwMDAwLCJkZWxldGUiOjE4MDAwMDAwMDAwMDAsInJlYWQiOjMwMDAwMDAwMDAwMCwidXBkYXRlIjoxODAwMDAwMDAwMDAwfX0=",
          "dependencies": [
            "azurerm_lb.demo",
            "azurerm_public_ip.demo",
            "azurerm_resource_group.demo"
          ]
        }
      ]
    },
    {
      "mode": "managed",
      "type": "azurerm_lb_rule",
      "name": "demo",
      "provider": "provider[\"registry.terraform.io/hashicorp/azurerm\"]",
      "instances": []
    },
    {
      "mode": "managed",
      "type": "azurerm_monitor_autoscale_setting",
      "name": "demo",
      "provider": "provider[\"registry.terraform.io/hashicorp/azurerm\"]",
      "instances": []
    },
    {
      "mode": "managed",
      "type": "azurerm_network_security_group",
      "name": "allow-ssh",
      "provider": "provider[\"registry.terraform.io/hashicorp/azurerm\"]",
      "instances": [
        {
          "schema_version": 0,
          "attributes": {
            "id": "/subscriptions/16b972e3-d8a9-417c-8f0f-4614cb485ad3/resourceGroups/resource-group-demo/providers/Microsoft.Network/networkSecurityGroups/demo-allow-ssh",
            "location": "westus",
            "name": "demo-allow-ssh",
            "resource_group_name": "resource-group-demo",
            "security_rule": [
              {
                "access": "Allow",
                "description": "description-myssh",
                "destination_address_prefix": "*",
                "destination_address_prefixes": [],
                "destination_application_security_group_ids": [],
                "destination_port_range": "22",
                "destination_port_ranges": [],
                "direction": "Inbound",
                "name": "ssh",
                "priority": 1001,
                "protocol": "tcp",
                "source_address_prefix": "*",
                "source_address_prefixes": [],
                "source_application_security_group_ids": [],
                "source_port_range": "*",
                "source_port_ranges": []
              }
            ],
            "tags": {},
            "timeouts": null
          },
          "sensitive_attributes": [],
          "private": "eyJlMmJmYjczMC1lY2FhLTExZTYtOGY4OC0zNDM2M2JjN2M0YzAiOnsiY3JlYXRlIjoxODAwMDAwMDAwMDAwLCJkZWxldGUiOjE4MDAwMDAwMDAwMDAsInJlYWQiOjMwMDAwMDAwMDAwMCwidXBkYXRlIjoxODAwMDAwMDAwMDAwfX0=",
          "dependencies": [
            "azurerm_resource_group.demo"
          ]
        }
      ]
    },
    {
      "mode": "managed",
      "type": "azurerm_public_ip",
      "name": "demo",
      "provider": "provider[\"registry.terraform.io/hashicorp/azurerm\"]",
      "instances": [
        {
          "schema_version": 0,
          "attributes": {
            "allocation_method": "Static",
            "domain_name_label": "resource-group-demo",
            "fqdn": "resource-group-demo.westus.cloudapp.azure.com",
            "id": "/subscriptions/16b972e3-d8a9-417c-8f0f-4614cb485ad3/resourceGroups/resource-group-demo/providers/Microsoft.Network/publicIPAddresses/demo-public-ip",
            "idle_timeout_in_minutes": 4,
            "ip_address": "40.83.142.120",
            "ip_version": "IPv4",
            "location": "westus",
            "name": "demo-public-ip",
            "public_ip_prefix_id": null,
            "resource_group_name": "resource-group-demo",
            "reverse_fqdn": "",
            "sku": "Basic",
            "tags": {},
            "timeouts": null,
            "zones": []
          },
          "sensitive_attributes": [],
          "private": "eyJlMmJmYjczMC1lY2FhLTExZTYtOGY4OC0zNDM2M2JjN2M0YzAiOnsiY3JlYXRlIjoxODAwMDAwMDAwMDAwLCJkZWxldGUiOjE4MDAwMDAwMDAwMDAsInJlYWQiOjMwMDAwMDAwMDAwMCwidXBkYXRlIjoxODAwMDAwMDAwMDAwfX0=",
          "dependencies": [
            "azurerm_resource_group.demo"
          ]
        }
      ]
    },
    {
      "mode": "managed",
      "type": "azurerm_resource_group",
      "name": "demo",
      "provider": "provider[\"registry.terraform.io/hashicorp/azurerm\"]",
      "instances": [
        {
          "schema_version": 0,
          "attributes": {
            "id": "/subscriptions/16b972e3-d8a9-417c-8f0f-4614cb485ad3/resourceGroups/resource-group-demo",
            "location": "westus",
            "name": "resource-group-demo",
            "tags": {
              "env": "resource-group-demo"
            },
            "timeouts": null
          },
          "sensitive_attributes": [],
          "private": "eyJlMmJmYjczMC1lY2FhLTExZTYtOGY4OC0zNDM2M2JjN2M0YzAiOnsiY3JlYXRlIjo1NDAwMDAwMDAwMDAwLCJkZWxldGUiOjU0MDAwMDAwMDAwMDAsInJlYWQiOjMwMDAwMDAwMDAwMCwidXBkYXRlIjo1NDAwMDAwMDAwMDAwfX0="
        }
      ]
    },
    {
      "mode": "managed",
      "type": "azurerm_subnet",
      "name": "demo-subnet-1",
      "provider": "provider[\"registry.terraform.io/hashicorp/azurerm\"]",
      "instances": [
        {
          "schema_version": 0,
          "attributes": {
            "address_prefix": "10.0.0.0/24",
            "address_prefixes": [
              "10.0.0.0/24"
            ],
            "delegation": [],
            "enforce_private_link_endpoint_network_policies": false,
            "enforce_private_link_service_network_policies": false,
            "id": "/subscriptions/16b972e3-d8a9-417c-8f0f-4614cb485ad3/resourceGroups/resource-group-demo/providers/Microsoft.Network/virtualNetworks/demo-network/subnets/demo-internal-1",
            "name": "demo-internal-1",
            "resource_group_name": "resource-group-demo",
            "service_endpoint_policy_ids": [],
            "service_endpoints": [],
            "timeouts": null,
            "virtual_network_name": "demo-network"
          },
          "sensitive_attributes": [],
          "private": "eyJlMmJmYjczMC1lY2FhLTExZTYtOGY4OC0zNDM2M2JjN2M0YzAiOnsiY3JlYXRlIjoxODAwMDAwMDAwMDAwLCJkZWxldGUiOjE4MDAwMDAwMDAwMDAsInJlYWQiOjMwMDAwMDAwMDAwMCwidXBkYXRlIjoxODAwMDAwMDAwMDAwfX0=",
          "dependencies": [
            "azurerm_resource_group.demo",
            "azurerm_virtual_network.demo"
          ]
        }
      ]
    },
    {
      "mode": "managed",
      "type": "azurerm_virtual_machine_scale_set",
      "name": "demo",
      "provider": "provider[\"registry.terraform.io/hashicorp/azurerm\"]",
      "instances": []
    },
    {
      "mode": "managed",
      "type": "azurerm_virtual_network",
      "name": "demo",
      "provider": "provider[\"registry.terraform.io/hashicorp/azurerm\"]",
      "instances": [
        {
          "schema_version": 0,
          "attributes": {
            "address_space": [
              "10.0.0.0/16"
            ],
            "bgp_community": "",
            "ddos_protection_plan": [],
            "dns_servers": [],
            "guid": "4b32bb42-99ff-458a-8366-7056a924252b",
            "id": "/subscriptions/16b972e3-d8a9-417c-8f0f-4614cb485ad3/resourceGroups/resource-group-demo/providers/Microsoft.Network/virtualNetworks/demo-network",
            "location": "westus",
            "name": "demo-network",
            "resource_group_name": "resource-group-demo",
            "subnet": [
              {
                "address_prefix": "10.0.0.0/24",
                "id": "/subscriptions/16b972e3-d8a9-417c-8f0f-4614cb485ad3/resourceGroups/resource-group-demo/providers/Microsoft.Network/virtualNetworks/demo-network/subnets/demo-internal-1",
                "name": "demo-internal-1",
                "security_group": ""
              }
            ],
            "tags": {},
            "timeouts": null,
            "vm_protection_enabled": false
          },
          "sensitive_attributes": [],
          "private": "eyJlMmJmYjczMC1lY2FhLTExZTYtOGY4OC0zNDM2M2JjN2M0YzAiOnsiY3JlYXRlIjoxODAwMDAwMDAwMDAwLCJkZWxldGUiOjE4MDAwMDAwMDAwMDAsInJlYWQiOjMwMDAwMDAwMDAwMCwidXBkYXRlIjoxODAwMDAwMDAwMDAwfX0=",
          "dependencies": [
            "azurerm_resource_group.demo"
          ]
        }
      ]
    }
  ]
}
