{
  "version": 4,
  "terraform_version": "0.14.8",
  "serial": 20,
  "lineage": "8aab31e9-8ae7-29e4-9c5b-d07a968dcd43",
  "outputs": {},
  "resources": [
    {
      "mode": "data",
      "type": "template_cloudinit_config",
      "name": "config",
      "provider": "provider[\"registry.terraform.io/hashicorp/template\"]",
      "instances": [
        {
          "schema_version": 0,
          "attributes": {
            "base64_encode": true,
            "gzip": true,
            "id": "4193706277",
            "part": [
              {
                "content": "packages: ['apache2']",
                "content_type": "text/cloud-config",
                "filename": "",
                "merge_type": ""
              }
            ],
            "rendered": "H4sIAAAAAAAA/2TNP4vCMBjH8T2Q9xC6dHqud7cc5HDwTweHKogKIg5p8rQG2ychTaF996KDFB1/8OX3WTqKSBH2o0cp2r6J1qsQs9YOaP5F6XoyKoyzpFgX+WJ72Kzmu1PCHguOGDrrSIqfr2/OOAOYRpy9voOirsIAOWlnLNVS/JU2ToInHnGImW5cb0A7qmzNWWFb/GC80jdVYyfFOVVe6Sv+ppd3HYCzewAAAP//8TXeA9wAAAA="
          },
          "sensitive_attributes": []
        }
      ]
    },
    {
      "mode": "managed",
      "type": "azurerm_lb",
      "name": "demo",
      "provider": "provider[\"registry.terraform.io/hashicorp/azurerm\"]",
      "instances": [
        {
          "schema_version": 0,
          "attributes": {
            "frontend_ip_configuration": [
              {
                "id": "/subscriptions/16b972e3-d8a9-417c-8f0f-4614cb485ad3/resourceGroups/resource-group-demo/providers/Microsoft.Network/loadBalancers/demo-loadbalancer/frontendIPConfigurations/PublicIpAddress",
                "inbound_nat_rules": [],
                "load_balancer_rules": [],
                "name": "PublicIpAddress",
                "outbound_rules": [],
                "private_ip_address": "",
                "private_ip_address_allocation": "Dynamic",
                "private_ip_address_version": "IPv4",
                "public_ip_address_id": "/subscriptions/16b972e3-d8a9-417c-8f0f-4614cb485ad3/resourceGroups/resource-group-demo/providers/Microsoft.Network/publicIPAddresses/demo-public-ip",
                "public_ip_prefix_id": "",
                "subnet_id": "",
                "zones": []
              }
            ],
            "id": "/subscriptions/16b972e3-d8a9-417c-8f0f-4614cb485ad3/resourceGroups/resource-group-demo/providers/Microsoft.Network/loadBalancers/demo-loadbalancer",
            "location": "westus",
            "name": "demo-loadbalancer",
            "private_ip_address": "",
            "private_ip_addresses": [],
            "resource_group_name": "resource-group-demo",
            "sku": "Basic",
            "tags": {},
            "timeouts": null
          },
          "sensitive_attributes": [],
          "private": "eyJlMmJmYjczMC1lY2FhLTExZTYtOGY4OC0zNDM2M2JjN2M0YzAiOnsiY3JlYXRlIjoxODAwMDAwMDAwMDAwLCJkZWxldGUiOjE4MDAwMDAwMDAwMDAsInJlYWQiOjMwMDAwMDAwMDAwMCwidXBkYXRlIjoxODAwMDAwMDAwMDAwfX0=",
          "dependencies": [
            "azurerm_public_ip.demo",
            "azurerm_resource_group.demo"
          ]
        }
      ]
    },
    {
      "mode": "managed",
      "type": "azurerm_lb_backend_address_pool",
      "name": "bpepool",
      "provider": "provider[\"registry.terraform.io/hashicorp/azurerm\"]",
      "instances": [
        {
          "schema_version": 0,
          "attributes": {
            "backend_address": [],
            "backend_ip_configurations": [],
            "id": "/subscriptions/16b972e3-d8a9-417c-8f0f-4614cb485ad3/resourceGroups/resource-group-demo/providers/Microsoft.Network/loadBalancers/demo-loadbalancer/backendAddressPools/BackEndAddressPool",
            "load_balancing_rules": [],
            "loadbalancer_id": "/subscriptions/16b972e3-d8a9-417c-8f0f-4614cb485ad3/resourceGroups/resource-group-demo/providers/Microsoft.Network/loadBalancers/demo-loadbalancer",
            "name": "BackEndAddressPool",
            "outbound_rules": [],
            "resource_group_name": "resource-group-demo",
            "timeouts": null
          },
          "sensitive_attributes": [],
          "private": "eyJlMmJmYjczMC1lY2FhLTExZTYtOGY4OC0zNDM2M2JjN2M0YzAiOnsiY3JlYXRlIjoxODAwMDAwMDAwMDAwLCJkZWxldGUiOjE4MDAwMDAwMDAwMDAsInJlYWQiOjMwMDAwMDAwMDAwMCwidXBkYXRlIjoxODAwMDAwMDAwMDAwfX0=",
          "dependencies": [
            "azurerm_lb.demo",
            "azurerm_public_ip.demo",
            "azurerm_resource_group.demo"
          ]
        }
      ]
    },
    {
      "mode": "managed",
      "type": "azurerm_lb_nat_pool",
      "name": "lbnatrool",
      "provider": "provider[\"registry.terraform.io/hashicorp/azurerm\"]",
      "instances": [
        {
          "schema_version": 0,
          "attributes": {
            "backend_port": 22,
            "frontend_ip_configuration_id": "/subscriptions/16b972e3-d8a9-417c-8f0f-4614cb485ad3/resourceGroups/resource-group-demo/providers/Microsoft.Network/loadBalancers/demo-loadbalancer/frontendIPConfigurations/PublicIpAddress",
            "frontend_ip_configuration_name": "PublicIpAddress",
            "frontend_port_end": 50119,
            "frontend_port_start": 50000,
            "id": "/subscriptions/16b972e3-d8a9-417c-8f0f-4614cb485ad3/resourceGroups/resource-group-demo/providers/Microsoft.Network/loadBalancers/demo-loadbalancer/inboundNatPools/ssh",
            "loadbalancer_id": "/subscriptions/16b972e3-d8a9-417c-8f0f-4614cb485ad3/resourceGroups/resource-group-demo/providers/Microsoft.Network/loadBalancers/demo-loadbalancer",
            "name": "ssh",
            "protocol": "Tcp",
            "resource_group_name": "resource-group-demo",
            "timeouts": null
          },
          "sensitive_attributes": [],
          "private": "eyJlMmJmYjczMC1lY2FhLTExZTYtOGY4OC0zNDM2M2JjN2M0YzAiOnsiY3JlYXRlIjoxODAwMDAwMDAwMDAwLCJkZWxldGUiOjE4MDAwMDAwMDAwMDAsInJlYWQiOjMwMDAwMDAwMDAwMCwidXBkYXRlIjoxODAwMDAwMDAwMDAwfX0=",
          "dependencies": [
            "azurerm_lb.demo",
            "azurerm_public_ip.demo",
            "azurerm_resource_group.demo"
          ]
        }
      ]
    },
    {
      "mode": "managed",
      "type": "azurerm_lb_probe",
      "name": "demo",
      "provider": "provider[\"registry.terraform.io/hashicorp/azurerm\"]",
      "instances": [
        {
          "schema_version": 0,
          "attributes": {
            "id": "/subscriptions/16b972e3-d8a9-417c-8f0f-4614cb485ad3/resourceGroups/resource-group-demo/providers/Microsoft.Network/loadBalancers/demo-loadbalancer/probes/http-probe",
            "interval_in_seconds": 15,
            "load_balancer_rules": [],
            "loadbalancer_id": "/subscriptions/16b972e3-d8a9-417c-8f0f-4614cb485ad3/resourceGroups/resource-group-demo/providers/Microsoft.Network/loadBalancers/demo-loadbalancer",
            "name": "http-probe",
            "number_of_probes": 2,
            "port": 80,
            "protocol": "Tcp",
            "request_path": "",
            "resource_group_name": "resource-group-demo",
            "timeouts": null
          },
          "sensitive_attributes": [],
          "private": "eyJlMmJmYjczMC1lY2FhLTExZTYtOGY4OC0zNDM2M2JjN2M0YzAiOnsiY3JlYXRlIjoxODAwMDAwMDAwMDAwLCJkZWxldGUiOjE4MDAwMDAwMDAwMDAsInJlYWQiOjMwMDAwMDAwMDAwMCwidXBkYXRlIjoxODAwMDAwMDAwMDAwfX0=",
          "dependencies": [
            "azurerm_lb.demo",
            "azurerm_resource_group.demo"
          ]
        }
      ]
    },
    {
      "mode": "managed",
      "type": "azurerm_lb_rule",
      "name": "demo",
      "provider": "provider[\"registry.terraform.io/hashicorp/azurerm\"]",
      "instances": [
        {
          "schema_version": 0,
          "attributes": {
            "backend_address_pool_id": "/subscriptions/16b972e3-d8a9-417c-8f0f-4614cb485ad3/resourceGroups/resource-group-demo/providers/Microsoft.Network/loadBalancers/demo-loadbalancer/backendAddressPools/BackEndAddressPool",
            "backend_port": 80,
            "disable_outbound_snat": false,
            "enable_floating_ip": false,
            "enable_tcp_reset": false,
            "frontend_ip_configuration_id": "/subscriptions/16b972e3-d8a9-417c-8f0f-4614cb485ad3/resourceGroups/resource-group-demo/providers/Microsoft.Network/loadBalancers/demo-loadbalancer/frontendIPConfigurations/PublicIpAddress",
            "frontend_ip_configuration_name": "PublicIpAddress",
            "frontend_port": 80,
            "id": "/subscriptions/16b972e3-d8a9-417c-8f0f-4614cb485ad3/resourceGroups/resource-group-demo/providers/Microsoft.Network/loadBalancers/demo-loadbalancer/loadBalancingRules/LBRule",
            "idle_timeout_in_minutes": 4,
            "load_distribution": "Default",
            "loadbalancer_id": "/subscriptions/16b972e3-d8a9-417c-8f0f-4614cb485ad3/resourceGroups/resource-group-demo/providers/Microsoft.Network/loadBalancers/demo-loadbalancer",
            "name": "LBRule",
            "probe_id": "/subscriptions/16b972e3-d8a9-417c-8f0f-4614cb485ad3/resourceGroups/resource-group-demo/providers/Microsoft.Network/loadBalancers/demo-loadbalancer/probes/http-probe",
            "protocol": "Tcp",
            "resource_group_name": "resource-group-demo",
            "timeouts": null
          },
          "sensitive_attributes": [],
          "private": "eyJlMmJmYjczMC1lY2FhLTExZTYtOGY4OC0zNDM2M2JjN2M0YzAiOnsiY3JlYXRlIjoxODAwMDAwMDAwMDAwLCJkZWxldGUiOjE4MDAwMDAwMDAwMDAsInJlYWQiOjMwMDAwMDAwMDAwMCwidXBkYXRlIjoxODAwMDAwMDAwMDAwfX0=",
          "dependencies": [
            "azurerm_lb.demo",
            "azurerm_lb_backend_address_pool.bpepool",
            "azurerm_lb_probe.demo",
            "azurerm_resource_group.demo"
          ]
        }
      ]
    },
    {
      "mode": "managed",
      "type": "azurerm_monitor_autoscale_setting",
      "name": "demo",
      "provider": "provider[\"registry.terraform.io/hashicorp/azurerm\"]",
      "instances": [
        {
          "schema_version": 0,
          "attributes": {
            "enabled": true,
            "id": "/subscriptions/16b972e3-d8a9-417c-8f0f-4614cb485ad3/resourceGroups/resource-group-demo/providers/microsoft.insights/autoscalesettings/demoautoscaling",
            "location": "westus",
            "name": "demoautoscaling",
            "notification": [
              {
                "email": [
                  {
                    "custom_emails": [
                      "er.munishprashar@gmail.com"
                    ],
                    "send_to_subscription_administrator": true,
                    "send_to_subscription_co_administrator": true
                  }
                ],
                "webhook": []
              }
            ],
            "profile": [
              {
                "capacity": [
                  {
                    "default": 2,
                    "maximum": 4,
                    "minimum": 2
                  }
                ],
                "fixed_date": [],
                "name": "defaultProfile",
                "recurrence": [],
                "rule": [
                  {
                    "metric_trigger": [
                      {
                        "dimensions": [
                          {
                            "name": "AppName",
                            "operator": "Equals",
                            "values": [
                              "App1"
                            ]
                          }
                        ],
                        "metric_name": "Percentage CPU",
                        "metric_namespace": "microsoft.compute/virtualmachinescalesets",
                        "metric_resource_id": "/subscriptions/16b972e3-d8a9-417c-8f0f-4614cb485ad3/resourceGroups/resource-group-demo/providers/Microsoft.Compute/virtualMachineScaleSets/mytestscaleset-1",
                        "operator": "GreaterThan",
                        "statistic": "Average",
                        "threshold": 40,
                        "time_aggregation": "Average",
                        "time_grain": "PT1M",
                        "time_window": "PT5M"
                      }
                    ],
                    "scale_action": [
                      {
                        "cooldown": "PT1M",
                        "direction": "Increase",
                        "type": "ChangeCount",
                        "value": 1
                      }
                    ]
                  },
                  {
                    "metric_trigger": [
                      {
                        "dimensions": [],
                        "metric_name": "Percentage CPU",
                        "metric_namespace": "",
                        "metric_resource_id": "/subscriptions/16b972e3-d8a9-417c-8f0f-4614cb485ad3/resourceGroups/resource-group-demo/providers/Microsoft.Compute/virtualMachineScaleSets/mytestscaleset-1",
                        "operator": "LessThan",
                        "statistic": "Average",
                        "threshold": 10,
                        "time_aggregation": "Average",
                        "time_grain": "PT1M",
                        "time_window": "PT5M"
                      }
                    ],
                    "scale_action": [
                      {
                        "cooldown": "PT1M",
                        "direction": "Decrease",
                        "type": "ChangeCount",
                        "value": 1
                      }
                    ]
                  }
                ]
              }
            ],
            "resource_group_name": "resource-group-demo",
            "tags": null,
            "target_resource_id": "/subscriptions/16b972e3-d8a9-417c-8f0f-4614cb485ad3/resourceGroups/resource-group-demo/providers/Microsoft.Compute/virtualMachineScaleSets/mytestscaleset-1",
            "timeouts": null
          },
          "sensitive_attributes": [],
          "private": "eyJlMmJmYjczMC1lY2FhLTExZTYtOGY4OC0zNDM2M2JjN2M0YzAiOnsiY3JlYXRlIjoxODAwMDAwMDAwMDAwLCJkZWxldGUiOjE4MDAwMDAwMDAwMDAsInJlYWQiOjMwMDAwMDAwMDAwMCwidXBkYXRlIjoxODAwMDAwMDAwMDAwfX0=",
          "dependencies": [
            "azurerm_lb.demo",
            "azurerm_lb_backend_address_pool.bpepool",
            "azurerm_lb_nat_pool.lbnatrool",
            "azurerm_lb_probe.demo",
            "azurerm_network_security_group.allow-ssh",
            "azurerm_resource_group.demo",
            "azurerm_subnet.demo-subnet-1",
            "azurerm_virtual_machine_scale_set.demo"
          ]
        }
      ]
    },
    {
      "mode": "managed",
      "type": "azurerm_network_security_group",
      "name": "allow-ssh",
      "provider": "provider[\"registry.terraform.io/hashicorp/azurerm\"]",
      "instances": [
        {
          "schema_version": 0,
          "attributes": {
            "id": "/subscriptions/16b972e3-d8a9-417c-8f0f-4614cb485ad3/resourceGroups/resource-group-demo/providers/Microsoft.Network/networkSecurityGroups/demo-allow-ssh",
            "location": "westus",
            "name": "demo-allow-ssh",
            "resource_group_name": "resource-group-demo",
            "security_rule": [
              {
                "access": "Allow",
                "description": "description-myssh",
                "destination_address_prefix": "*",
                "destination_address_prefixes": [],
                "destination_application_security_group_ids": [],
                "destination_port_range": "22",
                "destination_port_ranges": [],
                "direction": "Inbound",
                "name": "ssh",
                "priority": 1001,
                "protocol": "tcp",
                "source_address_prefix": "*",
                "source_address_prefixes": [],
                "source_application_security_group_ids": [],
                "source_port_range": "*",
                "source_port_ranges": []
              }
            ],
            "tags": {},
            "timeouts": null
          },
          "sensitive_attributes": [],
          "private": "eyJlMmJmYjczMC1lY2FhLTExZTYtOGY4OC0zNDM2M2JjN2M0YzAiOnsiY3JlYXRlIjoxODAwMDAwMDAwMDAwLCJkZWxldGUiOjE4MDAwMDAwMDAwMDAsInJlYWQiOjMwMDAwMDAwMDAwMCwidXBkYXRlIjoxODAwMDAwMDAwMDAwfX0=",
          "dependencies": [
            "azurerm_resource_group.demo"
          ]
        }
      ]
    },
    {
      "mode": "managed",
      "type": "azurerm_public_ip",
      "name": "demo",
      "provider": "provider[\"registry.terraform.io/hashicorp/azurerm\"]",
      "instances": [
        {
          "schema_version": 0,
          "attributes": {
            "allocation_method": "Static",
            "domain_name_label": "resource-group-demo",
            "fqdn": "resource-group-demo.westus.cloudapp.azure.com",
            "id": "/subscriptions/16b972e3-d8a9-417c-8f0f-4614cb485ad3/resourceGroups/resource-group-demo/providers/Microsoft.Network/publicIPAddresses/demo-public-ip",
            "idle_timeout_in_minutes": 4,
            "ip_address": "40.83.142.120",
            "ip_version": "IPv4",
            "location": "westus",
            "name": "demo-public-ip",
            "public_ip_prefix_id": null,
            "resource_group_name": "resource-group-demo",
            "reverse_fqdn": "",
            "sku": "Basic",
            "tags": {},
            "timeouts": null,
            "zones": []
          },
          "sensitive_attributes": [],
          "private": "eyJlMmJmYjczMC1lY2FhLTExZTYtOGY4OC0zNDM2M2JjN2M0YzAiOnsiY3JlYXRlIjoxODAwMDAwMDAwMDAwLCJkZWxldGUiOjE4MDAwMDAwMDAwMDAsInJlYWQiOjMwMDAwMDAwMDAwMCwidXBkYXRlIjoxODAwMDAwMDAwMDAwfX0=",
          "dependencies": [
            "azurerm_resource_group.demo"
          ]
        }
      ]
    },
    {
      "mode": "managed",
      "type": "azurerm_resource_group",
      "name": "demo",
      "provider": "provider[\"registry.terraform.io/hashicorp/azurerm\"]",
      "instances": [
        {
          "schema_version": 0,
          "attributes": {
            "id": "/subscriptions/16b972e3-d8a9-417c-8f0f-4614cb485ad3/resourceGroups/resource-group-demo",
            "location": "westus",
            "name": "resource-group-demo",
            "tags": {
              "env": "resource-group-demo"
            },
            "timeouts": null
          },
          "sensitive_attributes": [],
          "private": "eyJlMmJmYjczMC1lY2FhLTExZTYtOGY4OC0zNDM2M2JjN2M0YzAiOnsiY3JlYXRlIjo1NDAwMDAwMDAwMDAwLCJkZWxldGUiOjU0MDAwMDAwMDAwMDAsInJlYWQiOjMwMDAwMDAwMDAwMCwidXBkYXRlIjo1NDAwMDAwMDAwMDAwfX0="
        }
      ]
    },
    {
      "mode": "managed",
      "type": "azurerm_subnet",
      "name": "demo-subnet-1",
      "provider": "provider[\"registry.terraform.io/hashicorp/azurerm\"]",
      "instances": [
        {
          "schema_version": 0,
          "attributes": {
            "address_prefix": "10.0.0.0/24",
            "address_prefixes": [
              "10.0.0.0/24"
            ],
            "delegation": [],
            "enforce_private_link_endpoint_network_policies": false,
            "enforce_private_link_service_network_policies": false,
            "id": "/subscriptions/16b972e3-d8a9-417c-8f0f-4614cb485ad3/resourceGroups/resource-group-demo/providers/Microsoft.Network/virtualNetworks/demo-network/subnets/demo-internal-1",
            "name": "demo-internal-1",
            "resource_group_name": "resource-group-demo",
            "service_endpoint_policy_ids": [],
            "service_endpoints": [],
            "timeouts": null,
            "virtual_network_name": "demo-network"
          },
          "sensitive_attributes": [],
          "private": "eyJlMmJmYjczMC1lY2FhLTExZTYtOGY4OC0zNDM2M2JjN2M0YzAiOnsiY3JlYXRlIjoxODAwMDAwMDAwMDAwLCJkZWxldGUiOjE4MDAwMDAwMDAwMDAsInJlYWQiOjMwMDAwMDAwMDAwMCwidXBkYXRlIjoxODAwMDAwMDAwMDAwfX0=",
          "dependencies": [
            "azurerm_resource_group.demo",
            "azurerm_virtual_network.demo"
          ]
        }
      ]
    },
    {
      "mode": "managed",
      "type": "azurerm_virtual_machine_scale_set",
      "name": "demo",
      "provider": "provider[\"registry.terraform.io/hashicorp/azurerm\"]",
      "instances": [
        {
          "schema_version": 1,
          "attributes": {
            "automatic_os_upgrade": true,
            "boot_diagnostics": [],
            "eviction_policy": "",
            "extension": [],
            "health_probe_id": "/subscriptions/16b972e3-d8a9-417c-8f0f-4614cb485ad3/resourceGroups/resource-group-demo/providers/Microsoft.Network/loadBalancers/demo-loadbalancer/probes/http-probe",
            "id": "/subscriptions/16b972e3-d8a9-417c-8f0f-4614cb485ad3/resourceGroups/resource-group-demo/providers/Microsoft.Compute/virtualMachineScaleSets/mytestscaleset-1",
            "identity": [],
            "license_type": "",
            "location": "westus",
            "name": "mytestscaleset-1",
            "network_profile": [
              {
                "accelerated_networking": null,
                "dns_settings": [],
                "ip_configuration": [
                  {
                    "application_gateway_backend_address_pool_ids": [],
                    "application_security_group_ids": [],
                    "load_balancer_backend_address_pool_ids": [
                      "/subscriptions/16b972e3-d8a9-417c-8f0f-4614cb485ad3/resourceGroups/resource-group-demo/providers/Microsoft.Network/loadBalancers/demo-loadbalancer/backendAddressPools/BackEndAddressPool"
                    ],
                    "load_balancer_inbound_nat_rules_ids": [
                      "/subscriptions/16b972e3-d8a9-417c-8f0f-4614cb485ad3/resourceGroups/resource-group-demo/providers/Microsoft.Network/loadBalancers/demo-loadbalancer/inboundNatPools/ssh"
                    ],
                    "name": "IPConfiguration",
                    "primary": true,
                    "public_ip_address_configuration": [],
                    "subnet_id": "/subscriptions/16b972e3-d8a9-417c-8f0f-4614cb485ad3/resourceGroups/resource-group-demo/providers/Microsoft.Network/virtualNetworks/demo-network/subnets/demo-internal-1"
                  }
                ],
                "ip_forwarding": false,
                "name": "networkprofile",
                "network_security_group_id": "/subscriptions/16b972e3-d8a9-417c-8f0f-4614cb485ad3/resourceGroups/resource-group-demo/providers/Microsoft.Network/networkSecurityGroups/demo-allow-ssh",
                "primary": true
              }
            ],
            "os_profile": [
              {
                "admin_password": "Admin@123456",
                "admin_username": "demo",
                "computer_name_prefix": "demo",
                "custom_data": "IyEvYmluL2Jhc2gKCmFwdC1nZXQgdXBkYXRlICYmIGFwdC1nZXQgaW5zdGFsbCAteSBuZ2lueCAmJiBzeXN0ZW1jdGwgZW5hYmxlIG5naW54ICYmIHN5c3RlbWN0bCBzdGFydCBuZ2lueA=="
              }
            ],
            "os_profile_linux_config": [
              {
                "disable_password_authentication": false,
                "ssh_keys": []
              }
            ],
            "os_profile_secrets": [],
            "os_profile_windows_config": [],
            "overprovision": true,
            "plan": [],
            "priority": "",
            "proximity_placement_group_id": null,
            "resource_group_name": "resource-group-demo",
            "rolling_upgrade_policy": [
              {
                "max_batch_instance_percent": 20,
                "max_unhealthy_instance_percent": 20,
                "max_unhealthy_upgraded_instance_percent": 5,
                "pause_time_between_batches": "PT0S"
              }
            ],
            "single_placement_group": true,
            "sku": [
              {
                "capacity": 2,
                "name": "Standard_B1S",
                "tier": "Standard"
              }
            ],
            "storage_profile_data_disk": [
              {
                "caching": "ReadWrite",
                "create_option": "Empty",
                "disk_size_gb": 10,
                "lun": 0,
                "managed_disk_type": "Standard_LRS"
              }
            ],
            "storage_profile_image_reference": [
              {
                "id": "",
                "offer": "UbuntuServer",
                "publisher": "Canonical",
                "sku": "16.04-LTS",
                "version": "latest"
              }
            ],
            "storage_profile_os_disk": [
              {
                "caching": "ReadWrite",
                "create_option": "FromImage",
                "image": "",
                "managed_disk_type": "Standard_LRS",
                "name": "",
                "os_type": "",
                "vhd_containers": []
              }
            ],
            "tags": null,
            "timeouts": null,
            "upgrade_policy_mode": "Rolling",
            "zones": []
          },
          "sensitive_attributes": [],
          "private": "eyJlMmJmYjczMC1lY2FhLTExZTYtOGY4OC0zNDM2M2JjN2M0YzAiOnsiY3JlYXRlIjozNjAwMDAwMDAwMDAwLCJkZWxldGUiOjM2MDAwMDAwMDAwMDAsInJlYWQiOjMwMDAwMDAwMDAwMCwidXBkYXRlIjozNjAwMDAwMDAwMDAwfSwic2NoZW1hX3ZlcnNpb24iOiIxIn0=",
          "dependencies": [
            "azurerm_lb.demo",
            "azurerm_lb_backend_address_pool.bpepool",
            "azurerm_lb_nat_pool.lbnatrool",
            "azurerm_lb_probe.demo",
            "azurerm_network_security_group.allow-ssh",
            "azurerm_resource_group.demo",
            "azurerm_subnet.demo-subnet-1"
          ]
        }
      ]
    },
    {
      "mode": "managed",
      "type": "azurerm_virtual_network",
      "name": "demo",
      "provider": "provider[\"registry.terraform.io/hashicorp/azurerm\"]",
      "instances": [
        {
          "schema_version": 0,
          "attributes": {
            "address_space": [
              "10.0.0.0/16"
            ],
            "bgp_community": "",
            "ddos_protection_plan": [],
            "dns_servers": [],
            "guid": "4b32bb42-99ff-458a-8366-7056a924252b",
            "id": "/subscriptions/16b972e3-d8a9-417c-8f0f-4614cb485ad3/resourceGroups/resource-group-demo/providers/Microsoft.Network/virtualNetworks/demo-network",
            "location": "westus",
            "name": "demo-network",
            "resource_group_name": "resource-group-demo",
            "subnet": [
              {
                "address_prefix": "10.0.0.0/24",
                "id": "/subscriptions/16b972e3-d8a9-417c-8f0f-4614cb485ad3/resourceGroups/resource-group-demo/providers/Microsoft.Network/virtualNetworks/demo-network/subnets/demo-internal-1",
                "name": "demo-internal-1",
                "security_group": ""
              }
            ],
            "tags": {},
            "timeouts": null,
            "vm_protection_enabled": false
          },
          "sensitive_attributes": [],
          "private": "eyJlMmJmYjczMC1lY2FhLTExZTYtOGY4OC0zNDM2M2JjN2M0YzAiOnsiY3JlYXRlIjoxODAwMDAwMDAwMDAwLCJkZWxldGUiOjE4MDAwMDAwMDAwMDAsInJlYWQiOjMwMDAwMDAwMDAwMCwidXBkYXRlIjoxODAwMDAwMDAwMDAwfX0=",
          "dependencies": [
            "azurerm_resource_group.demo"
          ]
        }
      ]
    }
  ]
}
